Microsoft Visual Studio Solution File, Format Version 11.00
# Visual Studio 2008

Project("{E31C17FF-C335-D0E6-9586-108272139AAA}") = "Experiment6", "Assembly-CSharp.csproj", "{DAC5917E-5712-8227-ABE1-A41E18D3C0CE}"
EndProject
Global
	GlobalSection(SolutionConfigurationPlatforms) = preSolution
		Debug|Any CPU = Debug|Any CPU
		Release|Any CPU = Release|Any CPU
	EndGlobalSection
	GlobalSection(ProjectConfigurationPlatforms) = postSolution
		{DAC5917E-5712-8227-ABE1-A41E18D3C0CE}.Debug|Any CPU.ActiveCfg = Debug|Any CPU
		{DAC5917E-5712-8227-ABE1-A41E18D3C0CE}.Debug|Any CPU.Build.0 = Debug|Any CPU
		{DAC5917E-5712-8227-ABE1-A41E18D3C0CE}.Release|Any CPU.ActiveCfg = Release|Any CPU
		{DAC5917E-5712-8227-ABE1-A41E18D3C0CE}.Release|Any CPU.Build.0 = Release|Any CPU
	EndGlobalSection
	GlobalSection(SolutionProperties) = preSolution
		HideSolutionNode = FALSE
	EndGlobalSection
	GlobalSection(MonoDevelopProperties) = preSolution
		StartupItem = Assembly-CSharp.csproj
	EndGlobalSection
EndGlobal
